
Microsoft Visual Studio Solution File, Format Version 12.00
# Visual Studio Version 17
VisualStudioVersion = 17.1.32319.34
MinimumVisualStudioVersion = 10.0.40219.1
Project("{FAE04EC0-301F-11D3-BF4B-00C04F79EFBC}") = "Poc.BucketS3.Api", "Poc.BucketS3.Api\Poc.BucketS3.Api.csproj", "{3150B1A9-A6CD-4518-AF34-B2914A8DADF5}"
EndProject
Project("{FAE04EC0-301F-11D3-BF4B-00C04F79EFBC}") = "Poc.BucketS3.Domain", "Poc.BucketS3.Domain\Poc.BucketS3.Domain.csproj", "{D636D955-C1E4-49E9-BBE5-FD90EE813177}"
EndProject
Project("{FAE04EC0-301F-11D3-BF4B-00C04F79EFBC}") = "Poc.BucketS3.Infrastructure", "Poc.BucketS3.Infrastructure\Poc.BucketS3.Infrastructure.csproj", "{95D1B64A-0D89-4848-B4F9-D16B3C7A68CD}"
EndProject
Project("{FAE04EC0-301F-11D3-BF4B-00C04F79EFBC}") = "Poc.BucketS3.Tests", "Poc.BucketS3.Tests\Poc.BucketS3.Tests.csproj", "{79971E1D-3F91-441E-AAB2-30331113E321}"
EndProject
Global
	GlobalSection(SolutionConfigurationPlatforms) = preSolution
		Debug|Any CPU = Debug|Any CPU
		Release|Any CPU = Release|Any CPU
	EndGlobalSection
	GlobalSection(ProjectConfigurationPlatforms) = postSolution
		{3150B1A9-A6CD-4518-AF34-B2914A8DADF5}.Debug|Any CPU.ActiveCfg = Debug|Any CPU
		{3150B1A9-A6CD-4518-AF34-B2914A8DADF5}.Debug|Any CPU.Build.0 = Debug|Any CPU
		{3150B1A9-A6CD-4518-AF34-B2914A8DADF5}.Release|Any CPU.ActiveCfg = Release|Any CPU
		{3150B1A9-A6CD-4518-AF34-B2914A8DADF5}.Release|Any CPU.Build.0 = Release|Any CPU
		{D636D955-C1E4-49E9-BBE5-FD90EE813177}.Debug|Any CPU.ActiveCfg = Debug|Any CPU
		{D636D955-C1E4-49E9-BBE5-FD90EE813177}.Debug|Any CPU.Build.0 = Debug|Any CPU
		{D636D955-C1E4-49E9-BBE5-FD90EE813177}.Release|Any CPU.ActiveCfg = Release|Any CPU
		{D636D955-C1E4-49E9-BBE5-FD90EE813177}.Release|Any CPU.Build.0 = Release|Any CPU
		{95D1B64A-0D89-4848-B4F9-D16B3C7A68CD}.Debug|Any CPU.ActiveCfg = Debug|Any CPU
		{95D1B64A-0D89-4848-B4F9-D16B3C7A68CD}.Debug|Any CPU.Build.0 = Debug|Any CPU
		{95D1B64A-0D89-4848-B4F9-D16B3C7A68CD}.Release|Any CPU.ActiveCfg = Release|Any CPU
		{95D1B64A-0D89-4848-B4F9-D16B3C7A68CD}.Release|Any CPU.Build.0 = Release|Any CPU
		{79971E1D-3F91-441E-AAB2-30331113E321}.Debug|Any CPU.ActiveCfg = Debug|Any CPU
		{79971E1D-3F91-441E-AAB2-30331113E321}.Debug|Any CPU.Build.0 = Debug|Any CPU
		{79971E1D-3F91-441E-AAB2-30331113E321}.Release|Any CPU.ActiveCfg = Release|Any CPU
		{79971E1D-3F91-441E-AAB2-30331113E321}.Release|Any CPU.Build.0 = Release|Any CPU
	EndGlobalSection
	GlobalSection(SolutionProperties) = preSolution
		HideSolutionNode = FALSE
	EndGlobalSection
	GlobalSection(ExtensibilityGlobals) = postSolution
		SolutionGuid = {4F677231-03FD-4E21-9CB5-5CC15B37FC39}
	EndGlobalSection
EndGlobal
